
Microsoft Visual Studio Solution File, Format Version 12.00
# Visual Studio 2012
Project("{FAE04EC0-301F-11D3-BF4B-00C04F79EFBC}") = "MHInventario", "MHInventario\MHInventario.csproj", "{EA659B88-9C40-4335-B7E2-65AAE8A6088B}"
EndProject
Project("{2150E333-8FDC-42A3-9474-1A3956D46DE8}") = "CORE", "CORE", "{91EE5192-9879-4151-96B9-B1E2D0AD1813}"
EndProject
Project("{FAE04EC0-301F-11D3-BF4B-00C04F79EFBC}") = "DataManager", "DataManager\DataManager.csproj", "{0215FDDC-B1EF-4E39-85E5-86AE01375326}"
EndProject
Project("{FAE04EC0-301F-11D3-BF4B-00C04F79EFBC}") = "EntityManager", "EntityManager\EntityManager.csproj", "{A0B6A3F3-399B-4AD8-928D-CE83504E8515}"
EndProject
Project("{FAE04EC0-301F-11D3-BF4B-00C04F79EFBC}") = "Herramientas", "Herramientas\Herramientas.csproj", "{704D6D91-1860-45F0-933B-B39603B070A5}"
EndProject
Project("{FAE04EC0-301F-11D3-BF4B-00C04F79EFBC}") = "Main", "Main\Main.csproj", "{845D688C-B0D8-4549-93EF-F601A21D8C10}"
EndProject
Project("{FAE04EC0-301F-11D3-BF4B-00C04F79EFBC}") = "Sesion", "Sesion\Sesion.csproj", "{FFC1CB8B-30DE-46AD-B1D0-B03ECB6C1440}"
EndProject
Project("{2150E333-8FDC-42A3-9474-1A3956D46DE8}") = "MODULOS", "MODULOS", "{BA5E0503-4A91-4C29-8CD3-3DCA3AD1352A}"
EndProject
Project("{FAE04EC0-301F-11D3-BF4B-00C04F79EFBC}") = "Estilos", "Estilos\Estilos.csproj", "{F5E8569B-940B-497D-BD57-83B71F9ECDE8}"
EndProject
Project("{FAE04EC0-301F-11D3-BF4B-00C04F79EFBC}") = "ModelosManager", "ModelosManager\ModelosManager.csproj", "{6C2177EB-738A-47BD-A815-1E5FF2B88DF9}"
EndProject
Project("{FAE04EC0-301F-11D3-BF4B-00C04F79EFBC}") = "VistasManager", "VistasManager\VistasManager.csproj", "{A9447B94-84C2-4081-9186-006F84147E59}"
EndProject
Project("{FAE04EC0-301F-11D3-BF4B-00C04F79EFBC}") = "Portable", "Portable\Portable.csproj", "{943E160C-0317-4229-AA59-923FA72AD480}"
EndProject
Project("{FAE04EC0-301F-11D3-BF4B-00C04F79EFBC}") = "Migracion", "Migracion\Migracion.csproj", "{C7664019-3265-41AB-AB6F-FE316AD0C053}"
EndProject
Project("{FAE04EC0-301F-11D3-BF4B-00C04F79EFBC}") = "Backup", "Backup\Backup.csproj", "{420F38CF-B599-45AB-87DB-6FF2BED69F50}"
EndProject
Project("{FAE04EC0-301F-11D3-BF4B-00C04F79EFBC}") = "MySqlBackup", "MySqlBackup\MySqlBackup.csproj", "{2625A6B7-505A-43F7-9282-24AFE5A3DB64}"
EndProject
Project("{2150E333-8FDC-42A3-9474-1A3956D46DE8}") = "SETUP", "SETUP", "{3520C3A5-5028-4438-8DF8-339E402DBABB}"
EndProject
Project("{6141683F-8A12-4E36-9623-2EB02B2C2303}") = "Setup", "Setup\Setup.isproj", "{54B62733-FABB-4BF6-BAFC-4B0A4AEFAA33}"
	ProjectSection(ProjectDependencies) = postProject
		{EA659B88-9C40-4335-B7E2-65AAE8A6088B} = {EA659B88-9C40-4335-B7E2-65AAE8A6088B}
	EndProjectSection
EndProject
Global
	GlobalSection(SolutionConfigurationPlatforms) = preSolution
		CD_ROM|Any CPU = CD_ROM|Any CPU
		Debug|Any CPU = Debug|Any CPU
		DVD-5|Any CPU = DVD-5|Any CPU
		Release|Any CPU = Release|Any CPU
		SingleImage|Any CPU = SingleImage|Any CPU
	EndGlobalSection
	GlobalSection(ProjectConfigurationPlatforms) = postSolution
		{EA659B88-9C40-4335-B7E2-65AAE8A6088B}.CD_ROM|Any CPU.ActiveCfg = Release|Any CPU
		{EA659B88-9C40-4335-B7E2-65AAE8A6088B}.CD_ROM|Any CPU.Build.0 = Release|Any CPU
		{EA659B88-9C40-4335-B7E2-65AAE8A6088B}.Debug|Any CPU.ActiveCfg = Debug|Any CPU
		{EA659B88-9C40-4335-B7E2-65AAE8A6088B}.Debug|Any CPU.Build.0 = Debug|Any CPU
		{EA659B88-9C40-4335-B7E2-65AAE8A6088B}.DVD-5|Any CPU.ActiveCfg = Debug|Any CPU
		{EA659B88-9C40-4335-B7E2-65AAE8A6088B}.DVD-5|Any CPU.Build.0 = Debug|Any CPU
		{EA659B88-9C40-4335-B7E2-65AAE8A6088B}.Release|Any CPU.ActiveCfg = Release|Any CPU
		{EA659B88-9C40-4335-B7E2-65AAE8A6088B}.Release|Any CPU.Build.0 = Release|Any CPU
		{EA659B88-9C40-4335-B7E2-65AAE8A6088B}.SingleImage|Any CPU.ActiveCfg = Release|Any CPU
		{EA659B88-9C40-4335-B7E2-65AAE8A6088B}.SingleImage|Any CPU.Build.0 = Release|Any CPU
		{0215FDDC-B1EF-4E39-85E5-86AE01375326}.CD_ROM|Any CPU.ActiveCfg = Release|Any CPU
		{0215FDDC-B1EF-4E39-85E5-86AE01375326}.CD_ROM|Any CPU.Build.0 = Release|Any CPU
		{0215FDDC-B1EF-4E39-85E5-86AE01375326}.Debug|Any CPU.ActiveCfg = Debug|Any CPU
		{0215FDDC-B1EF-4E39-85E5-86AE01375326}.Debug|Any CPU.Build.0 = Debug|Any CPU
		{0215FDDC-B1EF-4E39-85E5-86AE01375326}.DVD-5|Any CPU.ActiveCfg = Debug|Any CPU
		{0215FDDC-B1EF-4E39-85E5-86AE01375326}.DVD-5|Any CPU.Build.0 = Debug|Any CPU
		{0215FDDC-B1EF-4E39-85E5-86AE01375326}.Release|Any CPU.ActiveCfg = Release|Any CPU
		{0215FDDC-B1EF-4E39-85E5-86AE01375326}.Release|Any CPU.Build.0 = Release|Any CPU
		{0215FDDC-B1EF-4E39-85E5-86AE01375326}.SingleImage|Any CPU.ActiveCfg = Release|Any CPU
		{0215FDDC-B1EF-4E39-85E5-86AE01375326}.SingleImage|Any CPU.Build.0 = Release|Any CPU
		{A0B6A3F3-399B-4AD8-928D-CE83504E8515}.CD_ROM|Any CPU.ActiveCfg = Release|Any CPU
		{A0B6A3F3-399B-4AD8-928D-CE83504E8515}.CD_ROM|Any CPU.Build.0 = Release|Any CPU
		{A0B6A3F3-399B-4AD8-928D-CE83504E8515}.Debug|Any CPU.ActiveCfg = Debug|Any CPU
		{A0B6A3F3-399B-4AD8-928D-CE83504E8515}.Debug|Any CPU.Build.0 = Debug|Any CPU
		{A0B6A3F3-399B-4AD8-928D-CE83504E8515}.DVD-5|Any CPU.ActiveCfg = Debug|Any CPU
		{A0B6A3F3-399B-4AD8-928D-CE83504E8515}.DVD-5|Any CPU.Build.0 = Debug|Any CPU
		{A0B6A3F3-399B-4AD8-928D-CE83504E8515}.Release|Any CPU.ActiveCfg = Release|Any CPU
		{A0B6A3F3-399B-4AD8-928D-CE83504E8515}.Release|Any CPU.Build.0 = Release|Any CPU
		{A0B6A3F3-399B-4AD8-928D-CE83504E8515}.SingleImage|Any CPU.ActiveCfg = Release|Any CPU
		{A0B6A3F3-399B-4AD8-928D-CE83504E8515}.SingleImage|Any CPU.Build.0 = Release|Any CPU
		{704D6D91-1860-45F0-933B-B39603B070A5}.CD_ROM|Any CPU.ActiveCfg = Release|Any CPU
		{704D6D91-1860-45F0-933B-B39603B070A5}.CD_ROM|Any CPU.Build.0 = Release|Any CPU
		{704D6D91-1860-45F0-933B-B39603B070A5}.Debug|Any CPU.ActiveCfg = Debug|Any CPU
		{704D6D91-1860-45F0-933B-B39603B070A5}.Debug|Any CPU.Build.0 = Debug|Any CPU
		{704D6D91-1860-45F0-933B-B39603B070A5}.DVD-5|Any CPU.ActiveCfg = Debug|Any CPU
		{704D6D91-1860-45F0-933B-B39603B070A5}.DVD-5|Any CPU.Build.0 = Debug|Any CPU
		{704D6D91-1860-45F0-933B-B39603B070A5}.Release|Any CPU.ActiveCfg = Release|Any CPU
		{704D6D91-1860-45F0-933B-B39603B070A5}.Release|Any CPU.Build.0 = Release|Any CPU
		{704D6D91-1860-45F0-933B-B39603B070A5}.SingleImage|Any CPU.ActiveCfg = Release|Any CPU
		{704D6D91-1860-45F0-933B-B39603B070A5}.SingleImage|Any CPU.Build.0 = Release|Any CPU
		{845D688C-B0D8-4549-93EF-F601A21D8C10}.CD_ROM|Any CPU.ActiveCfg = Release|Any CPU
		{845D688C-B0D8-4549-93EF-F601A21D8C10}.CD_ROM|Any CPU.Build.0 = Release|Any CPU
		{845D688C-B0D8-4549-93EF-F601A21D8C10}.Debug|Any CPU.ActiveCfg = Debug|Any CPU
		{845D688C-B0D8-4549-93EF-F601A21D8C10}.Debug|Any CPU.Build.0 = Debug|Any CPU
		{845D688C-B0D8-4549-93EF-F601A21D8C10}.DVD-5|Any CPU.ActiveCfg = Debug|Any CPU
		{845D688C-B0D8-4549-93EF-F601A21D8C10}.DVD-5|Any CPU.Build.0 = Debug|Any CPU
		{845D688C-B0D8-4549-93EF-F601A21D8C10}.Release|Any CPU.ActiveCfg = Release|Any CPU
		{845D688C-B0D8-4549-93EF-F601A21D8C10}.Release|Any CPU.Build.0 = Release|Any CPU
		{845D688C-B0D8-4549-93EF-F601A21D8C10}.SingleImage|Any CPU.ActiveCfg = Release|Any CPU
		{845D688C-B0D8-4549-93EF-F601A21D8C10}.SingleImage|Any CPU.Build.0 = Release|Any CPU
		{FFC1CB8B-30DE-46AD-B1D0-B03ECB6C1440}.CD_ROM|Any CPU.ActiveCfg = Release|Any CPU
		{FFC1CB8B-30DE-46AD-B1D0-B03ECB6C1440}.CD_ROM|Any CPU.Build.0 = Release|Any CPU
		{FFC1CB8B-30DE-46AD-B1D0-B03ECB6C1440}.Debug|Any CPU.ActiveCfg = Debug|Any CPU
		{FFC1CB8B-30DE-46AD-B1D0-B03ECB6C1440}.Debug|Any CPU.Build.0 = Debug|Any CPU
		{FFC1CB8B-30DE-46AD-B1D0-B03ECB6C1440}.DVD-5|Any CPU.ActiveCfg = Debug|Any CPU
		{FFC1CB8B-30DE-46AD-B1D0-B03ECB6C1440}.DVD-5|Any CPU.Build.0 = Debug|Any CPU
		{FFC1CB8B-30DE-46AD-B1D0-B03ECB6C1440}.Release|Any CPU.ActiveCfg = Release|Any CPU
		{FFC1CB8B-30DE-46AD-B1D0-B03ECB6C1440}.Release|Any CPU.Build.0 = Release|Any CPU
		{FFC1CB8B-30DE-46AD-B1D0-B03ECB6C1440}.SingleImage|Any CPU.ActiveCfg = Release|Any CPU
		{FFC1CB8B-30DE-46AD-B1D0-B03ECB6C1440}.SingleImage|Any CPU.Build.0 = Release|Any CPU
		{F5E8569B-940B-497D-BD57-83B71F9ECDE8}.CD_ROM|Any CPU.ActiveCfg = Release|Any CPU
		{F5E8569B-940B-497D-BD57-83B71F9ECDE8}.CD_ROM|Any CPU.Build.0 = Release|Any CPU
		{F5E8569B-940B-497D-BD57-83B71F9ECDE8}.Debug|Any CPU.ActiveCfg = Debug|Any CPU
		{F5E8569B-940B-497D-BD57-83B71F9ECDE8}.Debug|Any CPU.Build.0 = Debug|Any CPU
		{F5E8569B-940B-497D-BD57-83B71F9ECDE8}.DVD-5|Any CPU.ActiveCfg = Debug|Any CPU
		{F5E8569B-940B-497D-BD57-83B71F9ECDE8}.DVD-5|Any CPU.Build.0 = Debug|Any CPU
		{F5E8569B-940B-497D-BD57-83B71F9ECDE8}.Release|Any CPU.ActiveCfg = Release|Any CPU
		{F5E8569B-940B-497D-BD57-83B71F9ECDE8}.Release|Any CPU.Build.0 = Release|Any CPU
		{F5E8569B-940B-497D-BD57-83B71F9ECDE8}.SingleImage|Any CPU.ActiveCfg = Release|Any CPU
		{F5E8569B-940B-497D-BD57-83B71F9ECDE8}.SingleImage|Any CPU.Build.0 = Release|Any CPU
		{6C2177EB-738A-47BD-A815-1E5FF2B88DF9}.CD_ROM|Any CPU.ActiveCfg = Release|Any CPU
		{6C2177EB-738A-47BD-A815-1E5FF2B88DF9}.CD_ROM|Any CPU.Build.0 = Release|Any CPU
		{6C2177EB-738A-47BD-A815-1E5FF2B88DF9}.Debug|Any CPU.ActiveCfg = Debug|Any CPU
		{6C2177EB-738A-47BD-A815-1E5FF2B88DF9}.Debug|Any CPU.Build.0 = Debug|Any CPU
		{6C2177EB-738A-47BD-A815-1E5FF2B88DF9}.DVD-5|Any CPU.ActiveCfg = Debug|Any CPU
		{6C2177EB-738A-47BD-A815-1E5FF2B88DF9}.DVD-5|Any CPU.Build.0 = Debug|Any CPU
		{6C2177EB-738A-47BD-A815-1E5FF2B88DF9}.Release|Any CPU.ActiveCfg = Release|Any CPU
		{6C2177EB-738A-47BD-A815-1E5FF2B88DF9}.Release|Any CPU.Build.0 = Release|Any CPU
		{6C2177EB-738A-47BD-A815-1E5FF2B88DF9}.SingleImage|Any CPU.ActiveCfg = Release|Any CPU
		{6C2177EB-738A-47BD-A815-1E5FF2B88DF9}.SingleImage|Any CPU.Build.0 = Release|Any CPU
		{A9447B94-84C2-4081-9186-006F84147E59}.CD_ROM|Any CPU.ActiveCfg = Release|Any CPU
		{A9447B94-84C2-4081-9186-006F84147E59}.CD_ROM|Any CPU.Build.0 = Release|Any CPU
		{A9447B94-84C2-4081-9186-006F84147E59}.Debug|Any CPU.ActiveCfg = Debug|Any CPU
		{A9447B94-84C2-4081-9186-006F84147E59}.Debug|Any CPU.Build.0 = Debug|Any CPU
		{A9447B94-84C2-4081-9186-006F84147E59}.DVD-5|Any CPU.ActiveCfg = Debug|Any CPU
		{A9447B94-84C2-4081-9186-006F84147E59}.DVD-5|Any CPU.Build.0 = Debug|Any CPU
		{A9447B94-84C2-4081-9186-006F84147E59}.Release|Any CPU.ActiveCfg = Release|Any CPU
		{A9447B94-84C2-4081-9186-006F84147E59}.Release|Any CPU.Build.0 = Release|Any CPU
		{A9447B94-84C2-4081-9186-006F84147E59}.SingleImage|Any CPU.ActiveCfg = Release|Any CPU
		{A9447B94-84C2-4081-9186-006F84147E59}.SingleImage|Any CPU.Build.0 = Release|Any CPU
		{943E160C-0317-4229-AA59-923FA72AD480}.CD_ROM|Any CPU.ActiveCfg = Release|Any CPU
		{943E160C-0317-4229-AA59-923FA72AD480}.CD_ROM|Any CPU.Build.0 = Release|Any CPU
		{943E160C-0317-4229-AA59-923FA72AD480}.Debug|Any CPU.ActiveCfg = Debug|Any CPU
		{943E160C-0317-4229-AA59-923FA72AD480}.Debug|Any CPU.Build.0 = Debug|Any CPU
		{943E160C-0317-4229-AA59-923FA72AD480}.DVD-5|Any CPU.ActiveCfg = Debug|Any CPU
		{943E160C-0317-4229-AA59-923FA72AD480}.DVD-5|Any CPU.Build.0 = Debug|Any CPU
		{943E160C-0317-4229-AA59-923FA72AD480}.Release|Any CPU.ActiveCfg = Release|Any CPU
		{943E160C-0317-4229-AA59-923FA72AD480}.Release|Any CPU.Build.0 = Release|Any CPU
		{943E160C-0317-4229-AA59-923FA72AD480}.SingleImage|Any CPU.ActiveCfg = Release|Any CPU
		{943E160C-0317-4229-AA59-923FA72AD480}.SingleImage|Any CPU.Build.0 = Release|Any CPU
		{C7664019-3265-41AB-AB6F-FE316AD0C053}.CD_ROM|Any CPU.ActiveCfg = Release|Any CPU
		{C7664019-3265-41AB-AB6F-FE316AD0C053}.CD_ROM|Any CPU.Build.0 = Release|Any CPU
		{C7664019-3265-41AB-AB6F-FE316AD0C053}.Debug|Any CPU.ActiveCfg = Debug|Any CPU
		{C7664019-3265-41AB-AB6F-FE316AD0C053}.Debug|Any CPU.Build.0 = Debug|Any CPU
		{C7664019-3265-41AB-AB6F-FE316AD0C053}.DVD-5|Any CPU.ActiveCfg = Debug|Any CPU
		{C7664019-3265-41AB-AB6F-FE316AD0C053}.DVD-5|Any CPU.Build.0 = Debug|Any CPU
		{C7664019-3265-41AB-AB6F-FE316AD0C053}.Release|Any CPU.ActiveCfg = Release|Any CPU
		{C7664019-3265-41AB-AB6F-FE316AD0C053}.Release|Any CPU.Build.0 = Release|Any CPU
		{C7664019-3265-41AB-AB6F-FE316AD0C053}.SingleImage|Any CPU.ActiveCfg = Release|Any CPU
		{C7664019-3265-41AB-AB6F-FE316AD0C053}.SingleImage|Any CPU.Build.0 = Release|Any CPU
		{420F38CF-B599-45AB-87DB-6FF2BED69F50}.CD_ROM|Any CPU.ActiveCfg = Release|Any CPU
		{420F38CF-B599-45AB-87DB-6FF2BED69F50}.CD_ROM|Any CPU.Build.0 = Release|Any CPU
		{420F38CF-B599-45AB-87DB-6FF2BED69F50}.Debug|Any CPU.ActiveCfg = Debug|Any CPU
		{420F38CF-B599-45AB-87DB-6FF2BED69F50}.Debug|Any CPU.Build.0 = Debug|Any CPU
		{420F38CF-B599-45AB-87DB-6FF2BED69F50}.DVD-5|Any CPU.ActiveCfg = Debug|Any CPU
		{420F38CF-B599-45AB-87DB-6FF2BED69F50}.DVD-5|Any CPU.Build.0 = Debug|Any CPU
		{420F38CF-B599-45AB-87DB-6FF2BED69F50}.Release|Any CPU.ActiveCfg = Release|Any CPU
		{420F38CF-B599-45AB-87DB-6FF2BED69F50}.Release|Any CPU.Build.0 = Release|Any CPU
		{420F38CF-B599-45AB-87DB-6FF2BED69F50}.SingleImage|Any CPU.ActiveCfg = Release|Any CPU
		{420F38CF-B599-45AB-87DB-6FF2BED69F50}.SingleImage|Any CPU.Build.0 = Release|Any CPU
		{2625A6B7-505A-43F7-9282-24AFE5A3DB64}.CD_ROM|Any CPU.ActiveCfg = Release|Any CPU
		{2625A6B7-505A-43F7-9282-24AFE5A3DB64}.CD_ROM|Any CPU.Build.0 = Release|Any CPU
		{2625A6B7-505A-43F7-9282-24AFE5A3DB64}.Debug|Any CPU.ActiveCfg = Debug|Any CPU
		{2625A6B7-505A-43F7-9282-24AFE5A3DB64}.Debug|Any CPU.Build.0 = Debug|Any CPU
		{2625A6B7-505A-43F7-9282-24AFE5A3DB64}.DVD-5|Any CPU.ActiveCfg = Debug|Any CPU
		{2625A6B7-505A-43F7-9282-24AFE5A3DB64}.DVD-5|Any CPU.Build.0 = Debug|Any CPU
		{2625A6B7-505A-43F7-9282-24AFE5A3DB64}.Release|Any CPU.ActiveCfg = Release|Any CPU
		{2625A6B7-505A-43F7-9282-24AFE5A3DB64}.Release|Any CPU.Build.0 = Release|Any CPU
		{2625A6B7-505A-43F7-9282-24AFE5A3DB64}.SingleImage|Any CPU.ActiveCfg = Release|Any CPU
		{2625A6B7-505A-43F7-9282-24AFE5A3DB64}.SingleImage|Any CPU.Build.0 = Release|Any CPU
		{54B62733-FABB-4BF6-BAFC-4B0A4AEFAA33}.CD_ROM|Any CPU.ActiveCfg = CD_ROM
		{54B62733-FABB-4BF6-BAFC-4B0A4AEFAA33}.CD_ROM|Any CPU.Build.0 = CD_ROM
		{54B62733-FABB-4BF6-BAFC-4B0A4AEFAA33}.Debug|Any CPU.ActiveCfg = DVD-5
		{54B62733-FABB-4BF6-BAFC-4B0A4AEFAA33}.Debug|Any CPU.Build.0 = DVD-5
		{54B62733-FABB-4BF6-BAFC-4B0A4AEFAA33}.DVD-5|Any CPU.ActiveCfg = DVD-5
		{54B62733-FABB-4BF6-BAFC-4B0A4AEFAA33}.DVD-5|Any CPU.Build.0 = DVD-5
		{54B62733-FABB-4BF6-BAFC-4B0A4AEFAA33}.Release|Any CPU.ActiveCfg = SingleImage
		{54B62733-FABB-4BF6-BAFC-4B0A4AEFAA33}.Release|Any CPU.Build.0 = SingleImage
		{54B62733-FABB-4BF6-BAFC-4B0A4AEFAA33}.SingleImage|Any CPU.ActiveCfg = SingleImage
		{54B62733-FABB-4BF6-BAFC-4B0A4AEFAA33}.SingleImage|Any CPU.Build.0 = SingleImage
	EndGlobalSection
	GlobalSection(SolutionProperties) = preSolution
		HideSolutionNode = FALSE
	EndGlobalSection
	GlobalSection(NestedProjects) = preSolution
		{0215FDDC-B1EF-4E39-85E5-86AE01375326} = {91EE5192-9879-4151-96B9-B1E2D0AD1813}
		{A0B6A3F3-399B-4AD8-928D-CE83504E8515} = {91EE5192-9879-4151-96B9-B1E2D0AD1813}
		{704D6D91-1860-45F0-933B-B39603B070A5} = {91EE5192-9879-4151-96B9-B1E2D0AD1813}
		{845D688C-B0D8-4549-93EF-F601A21D8C10} = {91EE5192-9879-4151-96B9-B1E2D0AD1813}
		{FFC1CB8B-30DE-46AD-B1D0-B03ECB6C1440} = {91EE5192-9879-4151-96B9-B1E2D0AD1813}
		{F5E8569B-940B-497D-BD57-83B71F9ECDE8} = {91EE5192-9879-4151-96B9-B1E2D0AD1813}
		{943E160C-0317-4229-AA59-923FA72AD480} = {91EE5192-9879-4151-96B9-B1E2D0AD1813}
		{420F38CF-B599-45AB-87DB-6FF2BED69F50} = {91EE5192-9879-4151-96B9-B1E2D0AD1813}
		{2625A6B7-505A-43F7-9282-24AFE5A3DB64} = {91EE5192-9879-4151-96B9-B1E2D0AD1813}
		{6C2177EB-738A-47BD-A815-1E5FF2B88DF9} = {BA5E0503-4A91-4C29-8CD3-3DCA3AD1352A}
		{A9447B94-84C2-4081-9186-006F84147E59} = {BA5E0503-4A91-4C29-8CD3-3DCA3AD1352A}
		{C7664019-3265-41AB-AB6F-FE316AD0C053} = {BA5E0503-4A91-4C29-8CD3-3DCA3AD1352A}
		{54B62733-FABB-4BF6-BAFC-4B0A4AEFAA33} = {3520C3A5-5028-4438-8DF8-339E402DBABB}
	EndGlobalSection
EndGlobal
